
Microsoft Visual Studio Solution File, Format Version 12.00
# Visual Studio Version 16
VisualStudioVersion = 16.0.30709.132
MinimumVisualStudioVersion = 10.0.40219.1
Project("{9A19103F-16F7-4668-BE54-9A1E7A4F7556}") = "CatalogService.API", "CatalogService.API\CatalogService.API.csproj", "{E96585FE-35F7-4EBD-8D65-0FD97B9A52C3}"
EndProject
Project("{9A19103F-16F7-4668-BE54-9A1E7A4F7556}") = "CatalogService.Core", "CatalogService.Core\CatalogService.Core.csproj", "{8146C087-2266-48E3-B513-9CBCDCC18E13}"
EndProject
Project("{9A19103F-16F7-4668-BE54-9A1E7A4F7556}") = "CatalogService.Data", "CatalogService.Data\CatalogService.Data.csproj", "{6E2B0BF4-C319-445E-8B32-3F4152C6E1BE}"
EndProject
Project("{9A19103F-16F7-4668-BE54-9A1E7A4F7556}") = "CatalogService.Service", "CatalogService.Service\CatalogService.Service.csproj", "{B2F4CCA8-0A07-4128-9501-63988C072792}"
EndProject
Project("{9A19103F-16F7-4668-BE54-9A1E7A4F7556}") = "CatalogService.UnitTests", "CatalogService.UnitTests\CatalogService.UnitTests.csproj", "{ED80EFC7-2F1D-417B-930F-86B0B2B7DFC0}"
EndProject
Project("{9A19103F-16F7-4668-BE54-9A1E7A4F7556}") = "EmailService.Console", "EmailService.Console\EmailService.Console.csproj", "{E9A1B387-9470-40DB-8E2C-2E1F016C2A85}"
EndProject
Project("{FAE04EC0-301F-11D3-BF4B-00C04F79EFBC}") = "CatalogService.APIGateway", "CatalogService.APIGateway\CatalogService.APIGateway.csproj", "{3F50C1A7-3087-4EB0-8398-F21D23415080}"
EndProject
Global
	GlobalSection(SolutionConfigurationPlatforms) = preSolution
		Debug|Any CPU = Debug|Any CPU
		Release|Any CPU = Release|Any CPU
	EndGlobalSection
	GlobalSection(ProjectConfigurationPlatforms) = postSolution
		{E96585FE-35F7-4EBD-8D65-0FD97B9A52C3}.Debug|Any CPU.ActiveCfg = Debug|Any CPU
		{E96585FE-35F7-4EBD-8D65-0FD97B9A52C3}.Debug|Any CPU.Build.0 = Debug|Any CPU
		{E96585FE-35F7-4EBD-8D65-0FD97B9A52C3}.Release|Any CPU.ActiveCfg = Release|Any CPU
		{E96585FE-35F7-4EBD-8D65-0FD97B9A52C3}.Release|Any CPU.Build.0 = Release|Any CPU
		{8146C087-2266-48E3-B513-9CBCDCC18E13}.Debug|Any CPU.ActiveCfg = Debug|Any CPU
		{8146C087-2266-48E3-B513-9CBCDCC18E13}.Debug|Any CPU.Build.0 = Debug|Any CPU
		{8146C087-2266-48E3-B513-9CBCDCC18E13}.Release|Any CPU.ActiveCfg = Release|Any CPU
		{8146C087-2266-48E3-B513-9CBCDCC18E13}.Release|Any CPU.Build.0 = Release|Any CPU
		{6E2B0BF4-C319-445E-8B32-3F4152C6E1BE}.Debug|Any CPU.ActiveCfg = Debug|Any CPU
		{6E2B0BF4-C319-445E-8B32-3F4152C6E1BE}.Debug|Any CPU.Build.0 = Debug|Any CPU
		{6E2B0BF4-C319-445E-8B32-3F4152C6E1BE}.Release|Any CPU.ActiveCfg = Release|Any CPU
		{6E2B0BF4-C319-445E-8B32-3F4152C6E1BE}.Release|Any CPU.Build.0 = Release|Any CPU
		{B2F4CCA8-0A07-4128-9501-63988C072792}.Debug|Any CPU.ActiveCfg = Debug|Any CPU
		{B2F4CCA8-0A07-4128-9501-63988C072792}.Debug|Any CPU.Build.0 = Debug|Any CPU
		{B2F4CCA8-0A07-4128-9501-63988C072792}.Release|Any CPU.ActiveCfg = Release|Any CPU
		{B2F4CCA8-0A07-4128-9501-63988C072792}.Release|Any CPU.Build.0 = Release|Any CPU
		{ED80EFC7-2F1D-417B-930F-86B0B2B7DFC0}.Debug|Any CPU.ActiveCfg = Debug|Any CPU
		{ED80EFC7-2F1D-417B-930F-86B0B2B7DFC0}.Debug|Any CPU.Build.0 = Debug|Any CPU
		{ED80EFC7-2F1D-417B-930F-86B0B2B7DFC0}.Release|Any CPU.ActiveCfg = Release|Any CPU
		{ED80EFC7-2F1D-417B-930F-86B0B2B7DFC0}.Release|Any CPU.Build.0 = Release|Any CPU
		{E9A1B387-9470-40DB-8E2C-2E1F016C2A85}.Debug|Any CPU.ActiveCfg = Debug|Any CPU
		{E9A1B387-9470-40DB-8E2C-2E1F016C2A85}.Debug|Any CPU.Build.0 = Debug|Any CPU
		{E9A1B387-9470-40DB-8E2C-2E1F016C2A85}.Release|Any CPU.ActiveCfg = Release|Any CPU
		{E9A1B387-9470-40DB-8E2C-2E1F016C2A85}.Release|Any CPU.Build.0 = Release|Any CPU
		{3F50C1A7-3087-4EB0-8398-F21D23415080}.Debug|Any CPU.ActiveCfg = Debug|Any CPU
		{3F50C1A7-3087-4EB0-8398-F21D23415080}.Debug|Any CPU.Build.0 = Debug|Any CPU
		{3F50C1A7-3087-4EB0-8398-F21D23415080}.Release|Any CPU.ActiveCfg = Release|Any CPU
		{3F50C1A7-3087-4EB0-8398-F21D23415080}.Release|Any CPU.Build.0 = Release|Any CPU
	EndGlobalSection
	GlobalSection(SolutionProperties) = preSolution
		HideSolutionNode = FALSE
	EndGlobalSection
	GlobalSection(ExtensibilityGlobals) = postSolution
		SolutionGuid = {A91D30A5-A994-4E9A-BCEC-D8DCF0D33264}
	EndGlobalSection
EndGlobal
